
Microsoft Visual Studio Solution File, Format Version 12.00
# Visual Studio 15
VisualStudioVersion = 15.0.27703.2018
MinimumVisualStudioVersion = 10.0.40219.1
Project("{888888A0-9F3D-457C-B088-3A5042F75D52}") = "UmlGen", "UmlGen\UmlGen.pyproj", "{1E26E7BE-9CCE-4983-9967-E1BDB8671737}"
EndProject
Global
	GlobalSection(SolutionConfigurationPlatforms) = preSolution
		Debug|Any CPU = Debug|Any CPU
		Release|Any CPU = Release|Any CPU
	EndGlobalSection
	GlobalSection(ProjectConfigurationPlatforms) = postSolution
		{1E26E7BE-9CCE-4983-9967-E1BDB8671737}.Debug|Any CPU.ActiveCfg = Debug|Any CPU
		{1E26E7BE-9CCE-4983-9967-E1BDB8671737}.Release|Any CPU.ActiveCfg = Release|Any CPU
	EndGlobalSection
	GlobalSection(SolutionProperties) = preSolution
		HideSolutionNode = FALSE
	EndGlobalSection
	GlobalSection(ExtensibilityGlobals) = postSolution
		SolutionGuid = {C0451924-893A-4EB3-8E51-1D61975DEA0B}
	EndGlobalSection
EndGlobal
